{
  "nodes": {
    "darwin": {
      "inputs": {
        "nixpkgs": [
          "nixpkgs"
        ]
      },
      "locked": {
        "lastModified": 1719845423,
        "narHash": "sha256-ZLHDmWAsHQQKnmfyhYSHJDlt8Wfjv6SQhl2qek42O7A=",
        "owner": "LnL7",
        "repo": "nix-darwin",
        "rev": "ec12b88104d6c117871fad55e931addac4626756",
        "type": "github"
      },
      "original": {
        "owner": "LnL7",
        "repo": "nix-darwin",
        "type": "github"
      }
    },
    "home-manager": {
      "inputs": {
        "nixpkgs": [
          "nixpkgs"
        ]
      },
      "locked": {
        "lastModified": 1720289319,
        "narHash": "sha256-E3CjSsXNDWYqoNjrKQLPdEZDLR+mVI9HMa+jY//FjBY=",
        "owner": "nix-community",
        "repo": "home-manager",
        "rev": "10486e6b311b3c5ae1c3477fee058704cea7cb4a",
        "type": "github"
      },
      "original": {
        "owner": "nix-community",
        "repo": "home-manager",
        "type": "github"
      }
    },
    "nixpkgs": {
      "locked": {
        "lastModified": 1720249381,
        "narHash": "sha256-uHx+gS4rYH4EulWUICccF/CsuEpOSJs0BQ6w+oS9EMA=",
        "owner": "NixOS",
        "repo": "nixpkgs",
        "rev": "91594d11a2248ebe00f45f6b9be63fe264bb74e1",
        "type": "github"
      },
      "original": {
        "owner": "NixOS",
        "ref": "nixos-unstable-small",
        "repo": "nixpkgs",
        "type": "github"
      }
    },
    "plasma-manager": {
      "inputs": {
        "home-manager": [
          "home-manager"
        ],
        "nixpkgs": [
          "nixpkgs"
        ]
      },
      "locked": {
        "lastModified": 1720306070,
        "narHash": "sha256-CIVFu8AkFClPa/6ZyhYFVPwae87g2qWtVgUcMK1Kna0=",
        "owner": "pjones",
        "repo": "plasma-manager",
        "rev": "ac8afc043805cb1cc91d2e664f552097b7bc2347",
        "type": "github"
      },
      "original": {
        "owner": "pjones",
        "repo": "plasma-manager",
        "type": "github"
      }
    },
    "root": {
      "inputs": {
        "darwin": "darwin",
        "home-manager": "home-manager",
        "nixpkgs": "nixpkgs",
        "plasma-manager": "plasma-manager",
        "secret": "secret"
      }
    },
    "secret": {
      "locked": {
        "lastModified": 1714529640,
        "narHash": "sha256-ySTeeoF7YR7cmdICu0Fe28E7rD9yv6HQAJNVaDYb1hc=",
        "ref": "refs/heads/main",
        "rev": "d0dd06cb0923e74b8c6b0743af78a3c584c9c34a",
        "revCount": 56,
        "type": "git",
        "url": "ssh://git@github.com/mlyxshi/secret"
      },
      "original": {
        "type": "git",
        "url": "ssh://git@github.com/mlyxshi/secret"
      }
    }
  },
  "root": "root",
  "version": 7
}
