{
  "nodes": {
    "darwin": {
      "inputs": {
        "nixpkgs": [
          "nixpkgs"
        ]
      },
      "locked": {
        "lastModified": 1770184146,
        "narHash": "sha256-DsqnN6LvXmohTRaal7tVZO/AKBuZ02kPBiZKSU4qa/k=",
        "ref": "refs/heads/master",
        "rev": "0d7874ef7e3ba02d58bebb871e6e29da36fa1b37",
        "shallow": true,
        "type": "git",
        "url": "https://github.com/nix-darwin/nix-darwin.git"
      },
      "original": {
        "shallow": true,
        "type": "git",
        "url": "https://github.com/nix-darwin/nix-darwin.git"
      }
    },
    "nixpkgs": {
      "locked": {
        "lastModified": 1770697245,
        "narHash": "sha256-upHVBF9GhsAMqr+uEBdt63HrJmV0QCuU058LRgECUng=",
        "ref": "master",
        "rev": "881186f87ebd924c71f11435d8d04d3ab1b09bb6",
        "shallow": true,
        "type": "git",
        "url": "https://github.com/NixOS/nixpkgs.git"
      },
      "original": {
        "ref": "master",
        "shallow": true,
        "type": "git",
        "url": "https://github.com/NixOS/nixpkgs.git"
      }
    },
    "root": {
      "inputs": {
        "darwin": "darwin",
        "nixpkgs": "nixpkgs",
        "secret": "secret"
      }
    },
    "secret": {
      "locked": {
        "lastModified": 1770220212,
        "narHash": "sha256-UbVwhidKICgp1Aos71USLEnrsw6VrfTObzdWZkOQUPE=",
        "ref": "refs/heads/main",
        "rev": "d70b70e0ef4ecfd02963f18679be50e0e03dcc52",
        "shallow": true,
        "type": "git",
        "url": "ssh://git@github.com/mlyxshi/secret.git"
      },
      "original": {
        "shallow": true,
        "type": "git",
        "url": "ssh://git@github.com/mlyxshi/secret.git"
      }
    }
  },
  "root": "root",
  "version": 7
}
