{
  "nodes": {
    "darwin": {
      "inputs": {
        "nixpkgs": [
          "nixpkgs"
        ]
      },
      "locked": {
        "lastModified": 1771520882,
        "narHash": "sha256-9SeTZ4Pwr730YfT7V8Azb8GFbwk1ZwiQDAwft3qAD+o=",
        "ref": "refs/heads/master",
        "rev": "6a7fdcd5839ec8b135821179eea3b58092171bcf",
        "shallow": true,
        "type": "git",
        "url": "https://github.com/nix-darwin/nix-darwin.git"
      },
      "original": {
        "shallow": true,
        "type": "git",
        "url": "https://github.com/nix-darwin/nix-darwin.git"
      }
    },
    "nixpkgs": {
      "locked": {
        "lastModified": 1771848320,
        "narHash": "sha256-0MAd+0mun3K/Ns8JATeHT1sX28faLII5hVLq0L3BdZU=",
        "ref": "nixos-unstable-small",
        "rev": "2fc6539b481e1d2569f25f8799236694180c0993",
        "shallow": true,
        "type": "git",
        "url": "https://github.com/NixOS/nixpkgs.git"
      },
      "original": {
        "ref": "nixos-unstable-small",
        "shallow": true,
        "type": "git",
        "url": "https://github.com/NixOS/nixpkgs.git"
      }
    },
    "root": {
      "inputs": {
        "darwin": "darwin",
        "nixpkgs": "nixpkgs",
        "secret": "secret"
      }
    },
    "secret": {
      "locked": {
        "lastModified": 1770220212,
        "narHash": "sha256-UbVwhidKICgp1Aos71USLEnrsw6VrfTObzdWZkOQUPE=",
        "ref": "refs/heads/main",
        "rev": "d70b70e0ef4ecfd02963f18679be50e0e03dcc52",
        "shallow": true,
        "type": "git",
        "url": "ssh://git@github.com/mlyxshi/secret.git"
      },
      "original": {
        "shallow": true,
        "type": "git",
        "url": "ssh://git@github.com/mlyxshi/secret.git"
      }
    }
  },
  "root": "root",
  "version": 7
}
