name: "Lock Update"
on:
  workflow_dispatch:
  schedule:
    - cron: '0 0 * * *' #every day

jobs:
  CI:
    runs-on: ubuntu-latest
    permissions:
      repository-projects: write
    steps:
    - uses: actions/checkout@master
    - uses: DeterminateSystems/nix-installer-action@main

    - run: git config user.name github-actions[bot] && git config user.email github-actions[bot]@users.noreply.github.com
    - run: nix flake update --commit-lock-file    
    - run: git push

