name: "Lock Update"
on:
  workflow_dispatch:
  schedule:
    - cron: '0 0 * * *' #every day

# https://docs.github.com/en/actions/using-workflows/triggering-a-workflow#triggering-a-workflow-from-a-workflow
# if this workflow git push a commit, it need have the ability to trigger the "System Update" workflow
env:
  GITHUB_TOKEN: ${{ secrets.GIT_TOKEN }}

jobs:
  CI:
    runs-on: ubuntu-latest
    steps:
    - uses: actions/checkout@master
    - uses: DeterminateSystems/nix-installer-action@main

    - run: git config user.name github-actions[bot] && git config user.email github-actions[bot]@users.noreply.github.com
    - run: nix flake update --commit-lock-file    
    - run: git push

